{
  "originHash" : "3ae546d3f7b449b419005eade7d0a8851716f81a5f7e4c5e65c2759d7bdc7d37",
  "pins" : [
    {
      "identity" : "cbass",
      "kind" : "remoteSourceControl",
      "location" : "https://github.com/Treata11/CBass",
      "state" : {
        "branch" : "main",
        "revision" : "cd6b3b7fdc12891419b3014358e62a54e01e8bb9"
      }
    }
  ],
  "version" : 3
}
